<?xml version="1.0" encoding="utf-8"?>
<Project ToolsVersion="4.0" xmlns="http://schemas.microsoft.com/developer/msbuild/2003">
  <ItemGroup>
    <Filter Include="源文件">
      <UniqueIdentifier>{4FC737F1-C7A5-4376-A066-2A32D752A2FF}</UniqueIdentifier>
      <Extensions>cpp;c;cc;cxx;c++;cppm;ixx;def;odl;idl;hpj;bat;asm;asmx</Extensions>
    </Filter>
    <Filter Include="头文件">
      <UniqueIdentifier>{93995380-89BD-4b04-88EB-625FBE52EBFB}</UniqueIdentifier>
      <Extensions>h;hh;hpp;hxx;h++;hm;inl;inc;ipp;xsd</Extensions>
    </Filter>
    <Filter Include="资源文件">
      <UniqueIdentifier>{67DA6AB6-F800-4c08-8B7A-83BB121AAD01}</UniqueIdentifier>
      <Extensions>rc;ico;cur;bmp;dlg;rc2;rct;bin;rgs;gif;jpg;jpeg;jpe;resx;tiff;tif;png;wav;mfcribbon-ms</Extensions>
    </Filter>
    <Filter Include="源文件\ue_delegate">
      <UniqueIdentifier>{f7c25ada-0039-4b0e-b626-9a97cbe287b1}</UniqueIdentifier>
    </Filter>
    <Filter Include="源文件\ue_function">
      <UniqueIdentifier>{7a348c85-9ecb-423f-8310-3dfc95b5507c}</UniqueIdentifier>
    </Filter>
  </ItemGroup>
  <ItemGroup>
    <ClCompile Include="enable_if_t.cpp">
      <Filter>源文件</Filter>
    </ClCompile>
    <ClCompile Include="SFINAE.cpp">
      <Filter>源文件</Filter>
    </ClCompile>
    <ClCompile Include="Template Overloads vs Template Specializations.cpp">
      <Filter>源文件</Filter>
    </ClCompile>
    <ClCompile Include="TMP.cpp">
      <Filter>源文件</Filter>
    </ClCompile>
    <ClCompile Include="1.void_t.cpp">
      <Filter>源文件</Filter>
    </ClCompile>
    <ClCompile Include="enable_if.cpp">
      <Filter>源文件</Filter>
    </ClCompile>
    <ClCompile Include="2.TIsDerivedFrom.cpp">
      <Filter>源文件</Filter>
    </ClCompile>
    <ClCompile Include="RemoveReferenceTest.cpp">
      <Filter>源文件</Filter>
    </ClCompile>
    <ClCompile Include="UE_Child.cpp">
      <Filter>源文件</Filter>
    </ClCompile>
    <ClCompile Include="delegate\UE_Delegate.cpp">
      <Filter>源文件\ue_delegate</Filter>
    </ClCompile>
    <ClCompile Include="function\UE_Function.cpp">
      <Filter>源文件\ue_function</Filter>
    </ClCompile>
  </ItemGroup>
  <ItemGroup>
    <ClInclude Include="delegate\IDelegateInstance.h">
      <Filter>源文件\ue_delegate</Filter>
    </ClInclude>
    <ClInclude Include="delegate\DelegateInstanceInterface.h">
      <Filter>源文件\ue_delegate</Filter>
    </ClInclude>
    <ClInclude Include="delegate\DelegateBase.h">
      <Filter>源文件\ue_delegate</Filter>
    </ClInclude>
    <ClInclude Include="delegate\DelegateSignatureImpl.h">
      <Filter>源文件\ue_delegate</Filter>
    </ClInclude>
    <ClInclude Include="delegate\DelegateInstancesImpl.h">
      <Filter>源文件\ue_delegate</Filter>
    </ClInclude>
    <ClInclude Include="function\Function.h">
      <Filter>源文件\ue_function</Filter>
    </ClInclude>
  </ItemGroup>
</Project>